
Microsoft Visual Studio Solution File, Format Version 12.00
# Visual Studio Version 16
VisualStudioVersion = 16.0.30225.117
MinimumVisualStudioVersion = 10.0.40219.1
Project("{FAE04EC0-301F-11D3-BF4B-00C04F79EFBC}") = "OAManageSys", "OAManageSys\OAManageSys.csproj", "{2D9836DE-2BE5-41ED-953C-C639FE4D3460}"
EndProject
Project("{FAE04EC0-301F-11D3-BF4B-00C04F79EFBC}") = "OA.Common4", "Common\OA.Common4.csproj", "{CABFB5A9-6BA1-4FC2-BABA-3193FFCDD484}"
EndProject
Project("{FAE04EC0-301F-11D3-BF4B-00C04F79EFBC}") = "OAManageApi", "OAManageApi\OAManageApi.csproj", "{6AAAE66B-BD56-4EE8-9C03-4B863971C4D2}"
EndProject
Project("{2150E333-8FDC-42A3-9474-1A3956D46DE8}") = "01 Common 基础结构层", "01 Common 基础结构层", "{AB3A6E43-A638-406A-BC62-143F65D1CB46}"
EndProject
Project("{FAE04EC0-301F-11D3-BF4B-00C04F79EFBC}") = "OA.Data", "OA.Data\OA.Data.csproj", "{70911B10-DFE4-4B18-B816-63D1644F7788}"
EndProject
Project("{2150E333-8FDC-42A3-9474-1A3956D46DE8}") = "02 Domain 应用服务", "02 Domain 应用服务", "{7DD45A9F-7425-40AC-8E5B-C2067381F5CF}"
EndProject
Project("{FAE04EC0-301F-11D3-BF4B-00C04F79EFBC}") = "OA.Application", "OA.Application\OA.Application.csproj", "{D44C9587-B041-4545-B9A6-45D46F002FD7}"
EndProject
Project("{FAE04EC0-301F-11D3-BF4B-00C04F79EFBC}") = "OA.Domain", "OA.Domain\OA.Domain.csproj", "{D1CEF58B-2C96-4B31-B923-2C393C55475F}"
EndProject
Project("{2150E333-8FDC-42A3-9474-1A3956D46DE8}") = "04 Web 应用程序", "04 Web 应用程序", "{EFFE80F5-D2B9-4EC8-A3D4-38686D2E3EE1}"
EndProject
Project("{FAE04EC0-301F-11D3-BF4B-00C04F79EFBC}") = "OA.Common2", "OA.Common\OA.Common2.csproj", "{844444BA-EDB8-4E18-826C-38148BDEE402}"
EndProject
Project("{FAE04EC0-301F-11D3-BF4B-00C04F79EFBC}") = "OAManageSysWeb", "OAManageSysWeb\OAManageSysWeb.csproj", "{15AA1864-0D4F-4690-819E-A926FEED158E}"
EndProject
Global
	GlobalSection(SolutionConfigurationPlatforms) = preSolution
		Debug|Any CPU = Debug|Any CPU
		Release|Any CPU = Release|Any CPU
	EndGlobalSection
	GlobalSection(ProjectConfigurationPlatforms) = postSolution
		{2D9836DE-2BE5-41ED-953C-C639FE4D3460}.Debug|Any CPU.ActiveCfg = Debug|Any CPU
		{2D9836DE-2BE5-41ED-953C-C639FE4D3460}.Debug|Any CPU.Build.0 = Debug|Any CPU
		{2D9836DE-2BE5-41ED-953C-C639FE4D3460}.Release|Any CPU.ActiveCfg = Release|Any CPU
		{2D9836DE-2BE5-41ED-953C-C639FE4D3460}.Release|Any CPU.Build.0 = Release|Any CPU
		{CABFB5A9-6BA1-4FC2-BABA-3193FFCDD484}.Debug|Any CPU.ActiveCfg = Debug|Any CPU
		{CABFB5A9-6BA1-4FC2-BABA-3193FFCDD484}.Debug|Any CPU.Build.0 = Debug|Any CPU
		{CABFB5A9-6BA1-4FC2-BABA-3193FFCDD484}.Release|Any CPU.ActiveCfg = Release|Any CPU
		{CABFB5A9-6BA1-4FC2-BABA-3193FFCDD484}.Release|Any CPU.Build.0 = Release|Any CPU
		{6AAAE66B-BD56-4EE8-9C03-4B863971C4D2}.Debug|Any CPU.ActiveCfg = Debug|Any CPU
		{6AAAE66B-BD56-4EE8-9C03-4B863971C4D2}.Debug|Any CPU.Build.0 = Debug|Any CPU
		{6AAAE66B-BD56-4EE8-9C03-4B863971C4D2}.Release|Any CPU.ActiveCfg = Release|Any CPU
		{6AAAE66B-BD56-4EE8-9C03-4B863971C4D2}.Release|Any CPU.Build.0 = Release|Any CPU
		{70911B10-DFE4-4B18-B816-63D1644F7788}.Debug|Any CPU.ActiveCfg = Debug|Any CPU
		{70911B10-DFE4-4B18-B816-63D1644F7788}.Debug|Any CPU.Build.0 = Debug|Any CPU
		{70911B10-DFE4-4B18-B816-63D1644F7788}.Release|Any CPU.ActiveCfg = Release|Any CPU
		{70911B10-DFE4-4B18-B816-63D1644F7788}.Release|Any CPU.Build.0 = Release|Any CPU
		{D44C9587-B041-4545-B9A6-45D46F002FD7}.Debug|Any CPU.ActiveCfg = Debug|Any CPU
		{D44C9587-B041-4545-B9A6-45D46F002FD7}.Debug|Any CPU.Build.0 = Debug|Any CPU
		{D44C9587-B041-4545-B9A6-45D46F002FD7}.Release|Any CPU.ActiveCfg = Release|Any CPU
		{D44C9587-B041-4545-B9A6-45D46F002FD7}.Release|Any CPU.Build.0 = Release|Any CPU
		{D1CEF58B-2C96-4B31-B923-2C393C55475F}.Debug|Any CPU.ActiveCfg = Debug|Any CPU
		{D1CEF58B-2C96-4B31-B923-2C393C55475F}.Debug|Any CPU.Build.0 = Debug|Any CPU
		{D1CEF58B-2C96-4B31-B923-2C393C55475F}.Release|Any CPU.ActiveCfg = Release|Any CPU
		{D1CEF58B-2C96-4B31-B923-2C393C55475F}.Release|Any CPU.Build.0 = Release|Any CPU
		{844444BA-EDB8-4E18-826C-38148BDEE402}.Debug|Any CPU.ActiveCfg = Debug|Any CPU
		{844444BA-EDB8-4E18-826C-38148BDEE402}.Debug|Any CPU.Build.0 = Debug|Any CPU
		{844444BA-EDB8-4E18-826C-38148BDEE402}.Release|Any CPU.ActiveCfg = Release|Any CPU
		{844444BA-EDB8-4E18-826C-38148BDEE402}.Release|Any CPU.Build.0 = Release|Any CPU
		{15AA1864-0D4F-4690-819E-A926FEED158E}.Debug|Any CPU.ActiveCfg = Debug|Any CPU
		{15AA1864-0D4F-4690-819E-A926FEED158E}.Debug|Any CPU.Build.0 = Debug|Any CPU
		{15AA1864-0D4F-4690-819E-A926FEED158E}.Release|Any CPU.ActiveCfg = Release|Any CPU
		{15AA1864-0D4F-4690-819E-A926FEED158E}.Release|Any CPU.Build.0 = Release|Any CPU
	EndGlobalSection
	GlobalSection(SolutionProperties) = preSolution
		HideSolutionNode = FALSE
	EndGlobalSection
	GlobalSection(NestedProjects) = preSolution
		{2D9836DE-2BE5-41ED-953C-C639FE4D3460} = {EFFE80F5-D2B9-4EC8-A3D4-38686D2E3EE1}
		{CABFB5A9-6BA1-4FC2-BABA-3193FFCDD484} = {AB3A6E43-A638-406A-BC62-143F65D1CB46}
		{6AAAE66B-BD56-4EE8-9C03-4B863971C4D2} = {EFFE80F5-D2B9-4EC8-A3D4-38686D2E3EE1}
		{70911B10-DFE4-4B18-B816-63D1644F7788} = {AB3A6E43-A638-406A-BC62-143F65D1CB46}
		{D44C9587-B041-4545-B9A6-45D46F002FD7} = {7DD45A9F-7425-40AC-8E5B-C2067381F5CF}
		{D1CEF58B-2C96-4B31-B923-2C393C55475F} = {7DD45A9F-7425-40AC-8E5B-C2067381F5CF}
		{844444BA-EDB8-4E18-826C-38148BDEE402} = {AB3A6E43-A638-406A-BC62-143F65D1CB46}
		{15AA1864-0D4F-4690-819E-A926FEED158E} = {EFFE80F5-D2B9-4EC8-A3D4-38686D2E3EE1}
	EndGlobalSection
	GlobalSection(ExtensibilityGlobals) = postSolution
		SolutionGuid = {A8FC7752-4E67-438A-900A-1358632A4B61}
	EndGlobalSection
EndGlobal
